
Microsoft Visual Studio Solution File, Format Version 12.00
# Visual Studio 15
VisualStudioVersion = 15.0.28307.106
MinimumVisualStudioVersion = 10.0.40219.1
Project("{FAE04EC0-301F-11D3-BF4B-00C04F79EFBC}") = "Server", "Server\Server.csproj", "{4BFB88A8-8A26-4D00-B1CC-394419418887}"
EndProject
Project("{2150E333-8FDC-42A3-9474-1A3956D46DE8}") = "Solution Items", "Solution Items", "{6E16B8A1-1A14-41AA-8C5A-B436AE90419E}"
EndProject
Global
	GlobalSection(SolutionConfigurationPlatforms) = preSolution
		Debug|Any CPU = Debug|Any CPU
		Release|Any CPU = Release|Any CPU
	EndGlobalSection
	GlobalSection(ProjectConfigurationPlatforms) = postSolution
		{4BFB88A8-8A26-4D00-B1CC-394419418887}.Debug|Any CPU.ActiveCfg = Debug|Any CPU
		{4BFB88A8-8A26-4D00-B1CC-394419418887}.Debug|Any CPU.Build.0 = Debug|Any CPU
		{4BFB88A8-8A26-4D00-B1CC-394419418887}.Release|Any CPU.ActiveCfg = Release|Any CPU
		{4BFB88A8-8A26-4D00-B1CC-394419418887}.Release|Any CPU.Build.0 = Release|Any CPU
	EndGlobalSection
	GlobalSection(SolutionProperties) = preSolution
		HideSolutionNode = FALSE
	EndGlobalSection
	GlobalSection(ExtensibilityGlobals) = postSolution
		SolutionGuid = {53FC56A3-EA2D-4708-99EC-C6BEC0A50055}
	EndGlobalSection
EndGlobal
